
Microsoft Visual Studio Solution File, Format Version 12.00
# Visual Studio Version 16
VisualStudioVersion = 16.0.30104.148
MinimumVisualStudioVersion = 10.0.40219.1
Project("{FAE04EC0-301F-11D3-BF4B-00C04F79EFBC}") = "NeoGeoMiniRomAdder", "NeoGeoMiniRomAdder\NeoGeoMiniRomAdder.csproj", "{9D8E70F8-7469-4B7C-854F-A02305819D37}"
EndProject
Global
	GlobalSection(SolutionConfigurationPlatforms) = preSolution
		Debug|Any CPU = Debug|Any CPU
		Release|Any CPU = Release|Any CPU
	EndGlobalSection
	GlobalSection(ProjectConfigurationPlatforms) = postSolution
		{9D8E70F8-7469-4B7C-854F-A02305819D37}.Debug|Any CPU.ActiveCfg = Debug|Any CPU
		{9D8E70F8-7469-4B7C-854F-A02305819D37}.Debug|Any CPU.Build.0 = Debug|Any CPU
		{9D8E70F8-7469-4B7C-854F-A02305819D37}.Release|Any CPU.ActiveCfg = Release|Any CPU
		{9D8E70F8-7469-4B7C-854F-A02305819D37}.Release|Any CPU.Build.0 = Release|Any CPU
	EndGlobalSection
	GlobalSection(SolutionProperties) = preSolution
		HideSolutionNode = FALSE
	EndGlobalSection
	GlobalSection(ExtensibilityGlobals) = postSolution
		SolutionGuid = {BBFDEE2D-FF30-4310-9FF7-B6783A60DC27}
	EndGlobalSection
EndGlobal
